
Microsoft Visual Studio Solution File, Format Version 12.00
# Visual Studio Version 17
VisualStudioVersion = 17.10.34928.147
MinimumVisualStudioVersion = 10.0.40219.1
Project("{FAE04EC0-301F-11D3-BF4B-00C04F79EFBC}") = "AutoHouse.ConsoleApp", "AutoHouse\AutoHouse.ConsoleApp.csproj", "{244D562D-A930-4CA3-909B-E2FF9FCC3A71}"
EndProject
Project("{FAE04EC0-301F-11D3-BF4B-00C04F79EFBC}") = "AutoHouse.Data", "AutoHouse.Data\AutoHouse.Data.csproj", "{855E2432-022B-4A6C-B254-610A5475E81C}"
EndProject
Project("{FAE04EC0-301F-11D3-BF4B-00C04F79EFBC}") = "AuthoHouse.Core", "AuthoHouse.Core\AuthoHouse.Core.csproj", "{9F17A34A-FAE6-420F-A69F-249F9BF2BAF3}"
EndProject
Global
	GlobalSection(SolutionConfigurationPlatforms) = preSolution
		Debug|Any CPU = Debug|Any CPU
		Release|Any CPU = Release|Any CPU
	EndGlobalSection
	GlobalSection(ProjectConfigurationPlatforms) = postSolution
		{244D562D-A930-4CA3-909B-E2FF9FCC3A71}.Debug|Any CPU.ActiveCfg = Debug|Any CPU
		{244D562D-A930-4CA3-909B-E2FF9FCC3A71}.Debug|Any CPU.Build.0 = Debug|Any CPU
		{244D562D-A930-4CA3-909B-E2FF9FCC3A71}.Release|Any CPU.ActiveCfg = Release|Any CPU
		{244D562D-A930-4CA3-909B-E2FF9FCC3A71}.Release|Any CPU.Build.0 = Release|Any CPU
		{855E2432-022B-4A6C-B254-610A5475E81C}.Debug|Any CPU.ActiveCfg = Debug|Any CPU
		{855E2432-022B-4A6C-B254-610A5475E81C}.Debug|Any CPU.Build.0 = Debug|Any CPU
		{855E2432-022B-4A6C-B254-610A5475E81C}.Release|Any CPU.ActiveCfg = Release|Any CPU
		{855E2432-022B-4A6C-B254-610A5475E81C}.Release|Any CPU.Build.0 = Release|Any CPU
		{9F17A34A-FAE6-420F-A69F-249F9BF2BAF3}.Debug|Any CPU.ActiveCfg = Debug|Any CPU
		{9F17A34A-FAE6-420F-A69F-249F9BF2BAF3}.Debug|Any CPU.Build.0 = Debug|Any CPU
		{9F17A34A-FAE6-420F-A69F-249F9BF2BAF3}.Release|Any CPU.ActiveCfg = Release|Any CPU
		{9F17A34A-FAE6-420F-A69F-249F9BF2BAF3}.Release|Any CPU.Build.0 = Release|Any CPU
	EndGlobalSection
	GlobalSection(SolutionProperties) = preSolution
		HideSolutionNode = FALSE
	EndGlobalSection
	GlobalSection(ExtensibilityGlobals) = postSolution
		SolutionGuid = {AE6310EC-D5D4-4DEE-AE28-55EEC663CA73}
	EndGlobalSection
EndGlobal
